{
  "requires": true,
  "lockfileVersion": 1,
  "dependencies": {
    "bowser": {
      "version": "1.9.4",
      "resolved": "https://registry.npmjs.org/bowser/-/bowser-1.9.4.tgz",
      "integrity": "sha512-9IdMmj2KjigRq6oWhmwv1W36pDuA4STQZ8q6YO9um+x07xgYNCD3Oou+WP/3L1HNz7iqythGet3/p4wvc8AAwQ=="
    },
    "inline-style-prefixer": {
      "version": "0.6.7",
      "resolved": "https://registry.npmjs.org/inline-style-prefixer/-/inline-style-prefixer-0.6.7.tgz",
      "integrity": "sha1-7rRTwsdkqnRx0cyRbCBvuBrKTnU=",
      "requires": {
        "bowser": "^1.0.0"
      }
    },
    "react-center": {
      "version": "1.1.1",
      "resolved": "https://registry.npmjs.org/react-center/-/react-center-1.1.1.tgz",
      "integrity": "sha1-Mdt6L/ciukKeOb+ZQsK47Jj+wQo=",
      "requires": {
        "inline-style-prefixer": "^0.6.7"
      }
    }
  }
}
